
Microsoft Visual Studio Solution File, Format Version 12.00
# Visual Studio Version 16
VisualStudioVersion = 16.0.31112.23
MinimumVisualStudioVersion = 10.0.40219.1
Project("{FAE04EC0-301F-11D3-BF4B-00C04F79EFBC}") = "1.PortConfig", "1.PortConfig\1.PortConfig.csproj", "{3478A22A-EC7C-4F26-9180-3BE432651988}"
EndProject
Global
	GlobalSection(SolutionConfigurationPlatforms) = preSolution
		Debug|Any CPU = Debug|Any CPU
		Release|Any CPU = Release|Any CPU
	EndGlobalSection
	GlobalSection(ProjectConfigurationPlatforms) = postSolution
		{3478A22A-EC7C-4F26-9180-3BE432651988}.Debug|Any CPU.ActiveCfg = Debug|Any CPU
		{3478A22A-EC7C-4F26-9180-3BE432651988}.Debug|Any CPU.Build.0 = Debug|Any CPU
		{3478A22A-EC7C-4F26-9180-3BE432651988}.Release|Any CPU.ActiveCfg = Release|Any CPU
		{3478A22A-EC7C-4F26-9180-3BE432651988}.Release|Any CPU.Build.0 = Release|Any CPU
	EndGlobalSection
	GlobalSection(SolutionProperties) = preSolution
		HideSolutionNode = FALSE
	EndGlobalSection
	GlobalSection(ExtensibilityGlobals) = postSolution
		SolutionGuid = {72CD82C8-4985-418F-BC90-E3F5600F0FDE}
	EndGlobalSection
EndGlobal
